
Microsoft Visual Studio Solution File, Format Version 12.00
# Visual Studio Version 17
VisualStudioVersion = 17.14.36518.9
MinimumVisualStudioVersion = 10.0.40219.1
Project("{FAE04EC0-301F-11D3-BF4B-00C04F79EFBC}") = "Bai02", "Bai02\Bai02.csproj", "{229C37A5-216A-4DFF-B939-03220C76D1C0}"
EndProject
Project("{FAE04EC0-301F-11D3-BF4B-00C04F79EFBC}") = "Bai03", "Bai03\Bai03.csproj", "{9EFA1248-9FE0-4588-AC47-D069F867F612}"
EndProject
Project("{FAE04EC0-301F-11D3-BF4B-00C04F79EFBC}") = "Bai04", "Bai04\Bai04.csproj", "{5A949F06-6163-49EF-AD49-0A91F466C7A5}"
EndProject
Global
	GlobalSection(SolutionConfigurationPlatforms) = preSolution
		Debug|Any CPU = Debug|Any CPU
		Release|Any CPU = Release|Any CPU
	EndGlobalSection
	GlobalSection(ProjectConfigurationPlatforms) = postSolution
		{229C37A5-216A-4DFF-B939-03220C76D1C0}.Debug|Any CPU.ActiveCfg = Debug|Any CPU
		{229C37A5-216A-4DFF-B939-03220C76D1C0}.Debug|Any CPU.Build.0 = Debug|Any CPU
		{229C37A5-216A-4DFF-B939-03220C76D1C0}.Release|Any CPU.ActiveCfg = Release|Any CPU
		{229C37A5-216A-4DFF-B939-03220C76D1C0}.Release|Any CPU.Build.0 = Release|Any CPU
		{9EFA1248-9FE0-4588-AC47-D069F867F612}.Debug|Any CPU.ActiveCfg = Debug|Any CPU
		{9EFA1248-9FE0-4588-AC47-D069F867F612}.Debug|Any CPU.Build.0 = Debug|Any CPU
		{9EFA1248-9FE0-4588-AC47-D069F867F612}.Release|Any CPU.ActiveCfg = Release|Any CPU
		{9EFA1248-9FE0-4588-AC47-D069F867F612}.Release|Any CPU.Build.0 = Release|Any CPU
		{5A949F06-6163-49EF-AD49-0A91F466C7A5}.Debug|Any CPU.ActiveCfg = Debug|Any CPU
		{5A949F06-6163-49EF-AD49-0A91F466C7A5}.Debug|Any CPU.Build.0 = Debug|Any CPU
		{5A949F06-6163-49EF-AD49-0A91F466C7A5}.Release|Any CPU.ActiveCfg = Release|Any CPU
		{5A949F06-6163-49EF-AD49-0A91F466C7A5}.Release|Any CPU.Build.0 = Release|Any CPU
	EndGlobalSection
	GlobalSection(SolutionProperties) = preSolution
		HideSolutionNode = FALSE
	EndGlobalSection
	GlobalSection(ExtensibilityGlobals) = postSolution
		SolutionGuid = {2E793A2E-EFDB-414B-9C1D-D113B70F05E4}
	EndGlobalSection
EndGlobal
