
Microsoft Visual Studio Solution File, Format Version 12.00
# Visual Studio Version 17
VisualStudioVersion = 17.14.36518.9 d17.14
MinimumVisualStudioVersion = 10.0.40219.1
Project("{FAE04EC0-301F-11D3-BF4B-00C04F79EFBC}") = "BTH2_NguyenNgocLanAnh_24520109", "BTH2_NguyenNgocLanAnh_24520109\BTH2_NguyenNgocLanAnh_24520109.csproj", "{378233BF-6800-44E7-9A99-2439157661FD}"
EndProject
Global
	GlobalSection(SolutionConfigurationPlatforms) = preSolution
		Debug|Any CPU = Debug|Any CPU
		Release|Any CPU = Release|Any CPU
	EndGlobalSection
	GlobalSection(ProjectConfigurationPlatforms) = postSolution
		{378233BF-6800-44E7-9A99-2439157661FD}.Debug|Any CPU.ActiveCfg = Debug|Any CPU
		{378233BF-6800-44E7-9A99-2439157661FD}.Debug|Any CPU.Build.0 = Debug|Any CPU
		{378233BF-6800-44E7-9A99-2439157661FD}.Release|Any CPU.ActiveCfg = Release|Any CPU
		{378233BF-6800-44E7-9A99-2439157661FD}.Release|Any CPU.Build.0 = Release|Any CPU
	EndGlobalSection
	GlobalSection(SolutionProperties) = preSolution
		HideSolutionNode = FALSE
	EndGlobalSection
	GlobalSection(ExtensibilityGlobals) = postSolution
		SolutionGuid = {106EEA0A-BDE2-44E4-921A-0297832D3B49}
	EndGlobalSection
EndGlobal
