<Solution>
  <Project Path="Bai03/Bai03.csproj" Id="bfc6e353-8275-45a8-bda9-3967a897d95b" />
  <Project Path="Bai04/Bai04.csproj" Id="b563beb3-ebf7-42e6-9973-053c80ab87d5" />
  <Project Path="Bai05/Bai05.csproj" Id="8b2b1254-5d88-455f-a3b1-a6ca282c48a1" />
  <Project Path="Bai06/Bai06.csproj" Id="2c18d5f4-9d07-425e-8c70-b49140f957e1" />
</Solution>
